// !$*UTF8*$!
{
	archiveVersion = 1;
	classes = {
	};
	objectVersion = 54;
	objects = {

/* Begin PBXBuildFile section */
		2B6AEEC9245DBAC4008920A1 /* Replay in Frameworks */ = {isa = PBXBuildFile; productRef = 2B6AEEC8245DBAC4008920A1 /* Replay */; };
		2B8258DE245896D6004E7481 /* AppDelegate.swift in Sources */ = {isa = PBXBuildFile; fileRef = 2B8258DD245896D6004E7481 /* AppDelegate.swift */; };
		2B8258E0245896D6004E7481 /* SceneDelegate.swift in Sources */ = {isa = PBXBuildFile; fileRef = 2B8258DF245896D6004E7481 /* SceneDelegate.swift */; };
		2B8258E4245896DA004E7481 /* Assets.xcassets in Resources */ = {isa = PBXBuildFile; fileRef = 2B8258E3245896DA004E7481 /* Assets.xcassets */; };
		2B8258E7245896DA004E7481 /* Preview Assets.xcassets in Resources */ = {isa = PBXBuildFile; fileRef = 2B8258E6245896DA004E7481 /* Preview Assets.xcassets */; };
		2B8258EA245896DA004E7481 /* LaunchScreen.storyboard in Resources */ = {isa = PBXBuildFile; fileRef = 2B8258E8245896DA004E7481 /* LaunchScreen.storyboard */; };
		2BC691222458989900889706 /* boop.wav in Resources */ = {isa = PBXBuildFile; fileRef = 2BC691212458989900889706 /* boop.wav */; };
		2BC6912824589A5300889706 /* game.js in Resources */ = {isa = PBXBuildFile; fileRef = 2BC6912724589A5200889706 /* game.js */; };
		6416B37724E7FCA30091814A /* icon.png in Resources */ = {isa = PBXBuildFile; fileRef = 6416B37624E7FCA30091814A /* icon.png */; };
/* End PBXBuildFile section */

/* Begin PBXFileReference section */
		2B8258DA245896D6004E7481 /* replay-starter-ts.app */ = {isa = PBXFileReference; explicitFileType = wrapper.application; includeInIndex = 0; path = "replay-starter-ts.app"; sourceTree = BUILT_PRODUCTS_DIR; };
		2B8258DD245896D6004E7481 /* AppDelegate.swift */ = {isa = PBXFileReference; lastKnownFileType = sourcecode.swift; path = AppDelegate.swift; sourceTree = "<group>"; };
		2B8258DF245896D6004E7481 /* SceneDelegate.swift */ = {isa = PBXFileReference; lastKnownFileType = sourcecode.swift; path = SceneDelegate.swift; sourceTree = "<group>"; };
		2B8258E3245896DA004E7481 /* Assets.xcassets */ = {isa = PBXFileReference; lastKnownFileType = folder.assetcatalog; path = Assets.xcassets; sourceTree = "<group>"; };
		2B8258E6245896DA004E7481 /* Preview Assets.xcassets */ = {isa = PBXFileReference; lastKnownFileType = folder.assetcatalog; path = "Preview Assets.xcassets"; sourceTree = "<group>"; };
		2B8258E9245896DA004E7481 /* Base */ = {isa = PBXFileReference; lastKnownFileType = file.storyboard; name = Base; path = Base.lproj/LaunchScreen.storyboard; sourceTree = "<group>"; };
		2B8258EB245896DA004E7481 /* Info.plist */ = {isa = PBXFileReference; lastKnownFileType = text.plist.xml; path = Info.plist; sourceTree = "<group>"; };
		2BC691212458989900889706 /* boop.wav */ = {isa = PBXFileReference; lastKnownFileType = audio.wav; name = boop.wav; path = ../../assets/audio/boop.wav; sourceTree = "<group>"; };
		2BC6912724589A5200889706 /* game.js */ = {isa = PBXFileReference; fileEncoding = 4; lastKnownFileType = sourcecode.javascript; path = game.js; sourceTree = SOURCE_ROOT; };
		6416B37624E7FCA30091814A /* icon.png */ = {isa = PBXFileReference; lastKnownFileType = image.png; name = icon.png; path = ../../assets/images/icon.png; sourceTree = "<group>"; };
/* End PBXFileReference section */

/* Begin PBXFrameworksBuildPhase section */
		2B8258D7245896D6004E7481 /* Frameworks */ = {
			isa = PBXFrameworksBuildPhase;
			buildActionMask = 2147483647;
			files = (
				2B6AEEC9245DBAC4008920A1 /* Replay in Frameworks */,
			);
			runOnlyForDeploymentPostprocessing = 0;
		};
/* End PBXFrameworksBuildPhase section */

/* Begin PBXGroup section */
		2B8258D1245896D6004E7481 = {
			isa = PBXGroup;
			children = (
				2B8258DC245896D6004E7481 /* replay-starter-ts */,
				2B8258DB245896D6004E7481 /* Products */,
				2BC691242458994000889706 /* Frameworks */,
			);
			sourceTree = "<group>";
		};
		2B8258DB245896D6004E7481 /* Products */ = {
			isa = PBXGroup;
			children = (
				2B8258DA245896D6004E7481 /* replay-starter-ts.app */,
			);
			name = Products;
			sourceTree = "<group>";
		};
		2B8258DC245896D6004E7481 /* replay-starter-ts */ = {
			isa = PBXGroup;
			children = (
				6416B37624E7FCA30091814A /* icon.png */,
				2BC6912724589A5200889706 /* game.js */,
				2B8258DD245896D6004E7481 /* AppDelegate.swift */,
				2B8258DF245896D6004E7481 /* SceneDelegate.swift */,
				2B8258E3245896DA004E7481 /* Assets.xcassets */,
				2BC691212458989900889706 /* boop.wav */,
				2B8258E8245896DA004E7481 /* LaunchScreen.storyboard */,
				2B8258EB245896DA004E7481 /* Info.plist */,
				2B8258E5245896DA004E7481 /* Preview Content */,
			);
			path = "replay-starter-ts";
			sourceTree = "<group>";
		};
		2B8258E5245896DA004E7481 /* Preview Content */ = {
			isa = PBXGroup;
			children = (
				2B8258E6245896DA004E7481 /* Preview Assets.xcassets */,
			);
			path = "Preview Content";
			sourceTree = "<group>";
		};
		2BC691242458994000889706 /* Frameworks */ = {
			isa = PBXGroup;
			children = (
			);
			name = Frameworks;
			sourceTree = "<group>";
		};
/* End PBXGroup section */

/* Begin PBXNativeTarget section */
		2B8258D9245896D6004E7481 /* replay-starter-ts */ = {
			isa = PBXNativeTarget;
			buildConfigurationList = 2B8258EE245896DA004E7481 /* Build configuration list for PBXNativeTarget "replay-starter-ts" */;
			buildPhases = (
				64D2E4BC254320B500908726 /* ShellScript */,
				2B8258D6245896D6004E7481 /* Sources */,
				2B8258D7245896D6004E7481 /* Frameworks */,
				2B8258D8245896D6004E7481 /* Resources */,
			);
			buildRules = (
			);
			dependencies = (
			);
			name = "replay-starter-ts";
			packageProductDependencies = (
				2B6AEEC8245DBAC4008920A1 /* Replay */,
			);
			productName = "replay-starter-ts";
			productReference = 2B8258DA245896D6004E7481 /* replay-starter-ts.app */;
			productType = "com.apple.product-type.application";
		};
/* End PBXNativeTarget section */

/* Begin PBXProject section */
		2B8258D2245896D6004E7481 /* Project object */ = {
			isa = PBXProject;
			attributes = {
				LastSwiftUpdateCheck = 1140;
				LastUpgradeCheck = 1210;
				ORGANIZATIONNAME = Replay;
				TargetAttributes = {
					2B8258D9245896D6004E7481 = {
						CreatedOnToolsVersion = 11.4.1;
					};
				};
			};
			buildConfigurationList = 2B8258D5245896D6004E7481 /* Build configuration list for PBXProject "replay-starter-ts" */;
			compatibilityVersion = "Xcode 9.3";
			developmentRegion = en;
			hasScannedForEncodings = 0;
			knownRegions = (
				en,
				Base,
			);
			mainGroup = 2B8258D1245896D6004E7481;
			packageReferences = (
				2B6AEEC7245DBAC4008920A1 /* XCRemoteSwiftPackageReference "replay-swift" */,
			);
			productRefGroup = 2B8258DB245896D6004E7481 /* Products */;
			projectDirPath = "";
			projectRoot = "";
			targets = (
				2B8258D9245896D6004E7481 /* replay-starter-ts */,
			);
		};
/* End PBXProject section */

/* Begin PBXResourcesBuildPhase section */
		2B8258D8245896D6004E7481 /* Resources */ = {
			isa = PBXResourcesBuildPhase;
			buildActionMask = 2147483647;
			files = (
				2BC691222458989900889706 /* boop.wav in Resources */,
				2BC6912824589A5300889706 /* game.js in Resources */,
				6416B37724E7FCA30091814A /* icon.png in Resources */,
				2B8258EA245896DA004E7481 /* LaunchScreen.storyboard in Resources */,
				2B8258E7245896DA004E7481 /* Preview Assets.xcassets in Resources */,
				2B8258E4245896DA004E7481 /* Assets.xcassets in Resources */,
			);
			runOnlyForDeploymentPostprocessing = 0;
		};
/* End PBXResourcesBuildPhase section */

/* Begin PBXShellScriptBuildPhase section */
		64D2E4BC254320B500908726 /* ShellScript */ = {
			isa = PBXShellScriptBuildPhase;
			alwaysOutOfDate = 1;
			buildActionMask = 2147483647;
			files = (
			);
			inputFileListPaths = (
			);
			inputPaths = (
			);
			outputFileListPaths = (
			);
			outputPaths = (
			);
			runOnlyForDeploymentPostprocessing = 0;
			shellPath = /bin/sh;
			shellScript = "if ! which npm > /dev/null; then\n  # Support Nix users\n  PATH=${PATH}:~/.nix-profile/bin\n\n  if ! which npm > /dev/null; then\n    echo \"error: Cannot find npm. Run \\\"which npm\\\" and add the directory to your PATH above.\"\n    exit 1\n  fi\nfi\ncd ${SRCROOT}/..\nnpm --scripts-prepend-node-path=true run build-swift\n";
		};
/* End PBXShellScriptBuildPhase section */

/* Begin PBXSourcesBuildPhase section */
		2B8258D6245896D6004E7481 /* Sources */ = {
			isa = PBXSourcesBuildPhase;
			buildActionMask = 2147483647;
			files = (
				2B8258DE245896D6004E7481 /* AppDelegate.swift in Sources */,
				2B8258E0245896D6004E7481 /* SceneDelegate.swift in Sources */,
			);
			runOnlyForDeploymentPostprocessing = 0;
		};
/* End PBXSourcesBuildPhase section */

/* Begin PBXVariantGroup section */
		2B8258E8245896DA004E7481 /* LaunchScreen.storyboard */ = {
			isa = PBXVariantGroup;
			children = (
				2B8258E9245896DA004E7481 /* Base */,
			);
			name = LaunchScreen.storyboard;
			sourceTree = "<group>";
		};
/* End PBXVariantGroup section */

/* Begin XCBuildConfiguration section */
		2B8258EC245896DA004E7481 /* Debug */ = {
			isa = XCBuildConfiguration;
			buildSettings = {
				ALWAYS_SEARCH_USER_PATHS = NO;
				CLANG_ANALYZER_NONNULL = YES;
				CLANG_ANALYZER_NUMBER_OBJECT_CONVERSION = YES_AGGRESSIVE;
				CLANG_CXX_LANGUAGE_STANDARD = "gnu++14";
				CLANG_CXX_LIBRARY = "libc++";
				CLANG_ENABLE_MODULES = YES;
				CLANG_ENABLE_OBJC_ARC = YES;
				CLANG_ENABLE_OBJC_WEAK = YES;
				CLANG_WARN_BLOCK_CAPTURE_AUTORELEASING = YES;
				CLANG_WARN_BOOL_CONVERSION = YES;
				CLANG_WARN_COMMA = YES;
				CLANG_WARN_CONSTANT_CONVERSION = YES;
				CLANG_WARN_DEPRECATED_OBJC_IMPLEMENTATIONS = YES;
				CLANG_WARN_DIRECT_OBJC_ISA_USAGE = YES_ERROR;
				CLANG_WARN_DOCUMENTATION_COMMENTS = YES;
				CLANG_WARN_EMPTY_BODY = YES;
				CLANG_WARN_ENUM_CONVERSION = YES;
				CLANG_WARN_INFINITE_RECURSION = YES;
				CLANG_WARN_INT_CONVERSION = YES;
				CLANG_WARN_NON_LITERAL_NULL_CONVERSION = YES;
				CLANG_WARN_OBJC_IMPLICIT_RETAIN_SELF = YES;
				CLANG_WARN_OBJC_LITERAL_CONVERSION = YES;
				CLANG_WARN_OBJC_ROOT_CLASS = YES_ERROR;
				CLANG_WARN_QUOTED_INCLUDE_IN_FRAMEWORK_HEADER = YES;
				CLANG_WARN_RANGE_LOOP_ANALYSIS = YES;
				CLANG_WARN_STRICT_PROTOTYPES = YES;
				CLANG_WARN_SUSPICIOUS_MOVE = YES;
				CLANG_WARN_UNGUARDED_AVAILABILITY = YES_AGGRESSIVE;
				CLANG_WARN_UNREACHABLE_CODE = YES;
				CLANG_WARN__DUPLICATE_METHOD_MATCH = YES;
				COPY_PHASE_STRIP = NO;
				DEBUG_INFORMATION_FORMAT = dwarf;
				ENABLE_STRICT_OBJC_MSGSEND = YES;
				ENABLE_TESTABILITY = YES;
				GCC_C_LANGUAGE_STANDARD = gnu11;
				GCC_DYNAMIC_NO_PIC = NO;
				GCC_NO_COMMON_BLOCKS = YES;
				GCC_OPTIMIZATION_LEVEL = 0;
				GCC_PREPROCESSOR_DEFINITIONS = (
					"DEBUG=1",
					"$(inherited)",
				);
				GCC_WARN_64_TO_32_BIT_CONVERSION = YES;
				GCC_WARN_ABOUT_RETURN_TYPE = YES_ERROR;
				GCC_WARN_UNDECLARED_SELECTOR = YES;
				GCC_WARN_UNINITIALIZED_AUTOS = YES_AGGRESSIVE;
				GCC_WARN_UNUSED_FUNCTION = YES;
				GCC_WARN_UNUSED_VARIABLE = YES;
				IPHONEOS_DEPLOYMENT_TARGET = 13.4;
				MTL_ENABLE_DEBUG_INFO = INCLUDE_SOURCE;
				MTL_FAST_MATH = YES;
				ONLY_ACTIVE_ARCH = YES;
				SDKROOT = iphoneos;
				SWIFT_ACTIVE_COMPILATION_CONDITIONS = DEBUG;
				SWIFT_OPTIMIZATION_LEVEL = "-Onone";
			};
			name = Debug;
		};
		2B8258ED245896DA004E7481 /* Release */ = {
			isa = XCBuildConfiguration;
			buildSettings = {
				ALWAYS_SEARCH_USER_PATHS = NO;
				CLANG_ANALYZER_NONNULL = YES;
				CLANG_ANALYZER_NUMBER_OBJECT_CONVERSION = YES_AGGRESSIVE;
				CLANG_CXX_LANGUAGE_STANDARD = "gnu++14";
				CLANG_CXX_LIBRARY = "libc++";
				CLANG_ENABLE_MODULES = YES;
				CLANG_ENABLE_OBJC_ARC = YES;
				CLANG_ENABLE_OBJC_WEAK = YES;
				CLANG_WARN_BLOCK_CAPTURE_AUTORELEASING = YES;
				CLANG_WARN_BOOL_CONVERSION = YES;
				CLANG_WARN_COMMA = YES;
				CLANG_WARN_CONSTANT_CONVERSION = YES;
				CLANG_WARN_DEPRECATED_OBJC_IMPLEMENTATIONS = YES;
				CLANG_WARN_DIRECT_OBJC_ISA_USAGE = YES_ERROR;
				CLANG_WARN_DOCUMENTATION_COMMENTS = YES;
				CLANG_WARN_EMPTY_BODY = YES;
				CLANG_WARN_ENUM_CONVERSION = YES;
				CLANG_WARN_INFINITE_RECURSION = YES;
				CLANG_WARN_INT_CONVERSION = YES;
				CLANG_WARN_NON_LITERAL_NULL_CONVERSION = YES;
				CLANG_WARN_OBJC_IMPLICIT_RETAIN_SELF = YES;
				CLANG_WARN_OBJC_LITERAL_CONVERSION = YES;
				CLANG_WARN_OBJC_ROOT_CLASS = YES_ERROR;
				CLANG_WARN_QUOTED_INCLUDE_IN_FRAMEWORK_HEADER = YES;
				CLANG_WARN_RANGE_LOOP_ANALYSIS = YES;
				CLANG_WARN_STRICT_PROTOTYPES = YES;
				CLANG_WARN_SUSPICIOUS_MOVE = YES;
				CLANG_WARN_UNGUARDED_AVAILABILITY = YES_AGGRESSIVE;
				CLANG_WARN_UNREACHABLE_CODE = YES;
				CLANG_WARN__DUPLICATE_METHOD_MATCH = YES;
				COPY_PHASE_STRIP = NO;
				DEBUG_INFORMATION_FORMAT = "dwarf-with-dsym";
				ENABLE_NS_ASSERTIONS = NO;
				ENABLE_STRICT_OBJC_MSGSEND = YES;
				GCC_C_LANGUAGE_STANDARD = gnu11;
				GCC_NO_COMMON_BLOCKS = YES;
				GCC_WARN_64_TO_32_BIT_CONVERSION = YES;
				GCC_WARN_ABOUT_RETURN_TYPE = YES_ERROR;
				GCC_WARN_UNDECLARED_SELECTOR = YES;
				GCC_WARN_UNINITIALIZED_AUTOS = YES_AGGRESSIVE;
				GCC_WARN_UNUSED_FUNCTION = YES;
				GCC_WARN_UNUSED_VARIABLE = YES;
				IPHONEOS_DEPLOYMENT_TARGET = 13.4;
				MTL_ENABLE_DEBUG_INFO = NO;
				MTL_FAST_MATH = YES;
				SDKROOT = iphoneos;
				SWIFT_COMPILATION_MODE = wholemodule;
				SWIFT_OPTIMIZATION_LEVEL = "-O";
				VALIDATE_PRODUCT = YES;
			};
			name = Release;
		};
		2B8258EF245896DA004E7481 /* Debug */ = {
			isa = XCBuildConfiguration;
			buildSettings = {
				ASSETCATALOG_COMPILER_APPICON_NAME = AppIcon;
				CODE_SIGN_STYLE = Automatic;
				DEVELOPMENT_ASSET_PATHS = "\"replay-starter-ts/Preview Content\"";
				DEVELOPMENT_TEAM = "";
				ENABLE_PREVIEWS = YES;
				INFOPLIST_FILE = "replay-starter-ts/Info.plist";
				IPHONEOS_DEPLOYMENT_TARGET = 13.3;
				LD_RUNPATH_SEARCH_PATHS = (
					"$(inherited)",
					"@executable_path/Frameworks",
				);
				PRODUCT_BUNDLE_IDENTIFIER = "com.replay.replay-starter-ts";
				PRODUCT_NAME = "$(TARGET_NAME)";
				SWIFT_VERSION = 5.0;
				TARGETED_DEVICE_FAMILY = "1,2";
			};
			name = Debug;
		};
		2B8258F0245896DA004E7481 /* Release */ = {
			isa = XCBuildConfiguration;
			buildSettings = {
				ASSETCATALOG_COMPILER_APPICON_NAME = AppIcon;
				CODE_SIGN_STYLE = Automatic;
				DEVELOPMENT_ASSET_PATHS = "\"replay-starter-ts/Preview Content\"";
				DEVELOPMENT_TEAM = "";
				ENABLE_PREVIEWS = YES;
				INFOPLIST_FILE = "replay-starter-ts/Info.plist";
				IPHONEOS_DEPLOYMENT_TARGET = 13.3;
				LD_RUNPATH_SEARCH_PATHS = (
					"$(inherited)",
					"@executable_path/Frameworks",
				);
				PRODUCT_BUNDLE_IDENTIFIER = "com.replay.replay-starter-ts";
				PRODUCT_NAME = "$(TARGET_NAME)";
				SWIFT_VERSION = 5.0;
				TARGETED_DEVICE_FAMILY = "1,2";
			};
			name = Release;
		};
/* End XCBuildConfiguration section */

/* Begin XCConfigurationList section */
		2B8258D5245896D6004E7481 /* Build configuration list for PBXProject "replay-starter-ts" */ = {
			isa = XCConfigurationList;
			buildConfigurations = (
				2B8258EC245896DA004E7481 /* Debug */,
				2B8258ED245896DA004E7481 /* Release */,
			);
			defaultConfigurationIsVisible = 0;
			defaultConfigurationName = Release;
		};
		2B8258EE245896DA004E7481 /* Build configuration list for PBXNativeTarget "replay-starter-ts" */ = {
			isa = XCConfigurationList;
			buildConfigurations = (
				2B8258EF245896DA004E7481 /* Debug */,
				2B8258F0245896DA004E7481 /* Release */,
			);
			defaultConfigurationIsVisible = 0;
			defaultConfigurationName = Release;
		};
/* End XCConfigurationList section */

/* Begin XCRemoteSwiftPackageReference section */
		2B6AEEC7245DBAC4008920A1 /* XCRemoteSwiftPackageReference "replay-swift" */ = {
			isa = XCRemoteSwiftPackageReference;
			repositoryURL = "https://github.com/edbentley/replay-swift";
			requirement = {
				kind = exactVersion;
				version = 0.8.0;
			};
		};
/* End XCRemoteSwiftPackageReference section */

/* Begin XCSwiftPackageProductDependency section */
		2B6AEEC8245DBAC4008920A1 /* Replay */ = {
			isa = XCSwiftPackageProductDependency;
			package = 2B6AEEC7245DBAC4008920A1 /* XCRemoteSwiftPackageReference "replay-swift" */;
			productName = Replay;
		};
/* End XCSwiftPackageProductDependency section */
	};
	rootObject = 2B8258D2245896D6004E7481 /* Project object */;
}
